<?xml version="1.0" encoding="utf-8"?>
<Project ToolsVersion="4.0" xmlns="http://schemas.microsoft.com/developer/msbuild/2003">
  <ItemGroup>
    <Filter Include="Game">
      <UniqueIdentifier>{c2051961-0779-4be0-a83c-740e3ffe0730}</UniqueIdentifier>
    </Filter>
    <Filter Include="Objects">
      <UniqueIdentifier>{fee366ad-d985-4d66-9ae6-7b3ff6b21fe2}</UniqueIdentifier>
    </Filter>
    <Filter Include="Resource">
      <UniqueIdentifier>{42ec0deb-2116-4ea3-b831-10e4a10022e1}</UniqueIdentifier>
    </Filter>
    <Filter Include="Systems">
      <UniqueIdentifier>{2d294b73-9ad8-4e49-89ca-bd58ef6d0c5a}</UniqueIdentifier>
    </Filter>
  </ItemGroup>
  <ItemGroup>
    <ClInclude Include="Game.h">
      <Filter>Game</Filter>
    </ClInclude>
    <ClInclude Include="Resource.h">
      <Filter>Resource</Filter>
    </ClInclude>
    <ClInclude Include="GameObject.h">
      <Filter>Objects</Filter>
    </ClInclude>
    <ClInclude Include="Mario.h">
      <Filter>Objects</Filter>
    </ClInclude>
    <ClInclude Include="Timer.h">
      <Filter>Systems</Filter>
    </ClInclude>
    <ClInclude Include="Camera.h">
      <Filter>Systems</Filter>
    </ClInclude>
    <ClInclude Include="DxGraphics.h">
      <Filter>Systems</Filter>
    </ClInclude>
    <ClInclude Include="DxInput.h">
      <Filter>Systems</Filter>
    </ClInclude>
    <ClInclude Include="Sprite.h">
      <Filter>Systems</Filter>
    </ClInclude>
    <ClInclude Include="Texture.h">
      <Filter>Systems</Filter>
    </ClInclude>
  </ItemGroup>
  <ItemGroup>
    <ClCompile Include="Game.cpp">
      <Filter>Game</Filter>
    </ClCompile>
    <ClCompile Include="GameObject.cpp">
      <Filter>Objects</Filter>
    </ClCompile>
    <ClCompile Include="Mario.cpp">
      <Filter>Objects</Filter>
    </ClCompile>
    <ClCompile Include="Resource.cpp">
      <Filter>Resource</Filter>
    </ClCompile>
    <ClCompile Include="Camera.cpp">
      <Filter>Systems</Filter>
    </ClCompile>
    <ClCompile Include="DxGraphics.cpp">
      <Filter>Systems</Filter>
    </ClCompile>
    <ClCompile Include="DxInput.cpp">
      <Filter>Systems</Filter>
    </ClCompile>
    <ClCompile Include="Sprite.cpp">
      <Filter>Systems</Filter>
    </ClCompile>
    <ClCompile Include="Texture.cpp">
      <Filter>Systems</Filter>
    </ClCompile>
    <ClCompile Include="Timer.cpp">
      <Filter>Systems</Filter>
    </ClCompile>
    <ClCompile Include="WinMain.cpp" />
  </ItemGroup>
</Project>